// !$*UTF8*$!
{
	archiveVersion = 1;
	classes = {
	};
	objectVersion = 46;
	objects = {

/* Begin PBXBuildFile section */
		272F9BAD1D2E3A43002D8F04 /* AppDelegate.swift in Sources */ = {isa = PBXBuildFile; fileRef = 272F9BAC1D2E3A43002D8F04 /* AppDelegate.swift */; };
		272F9BAF1D2E3A43002D8F04 /* ViewController.swift in Sources */ = {isa = PBXBuildFile; fileRef = 272F9BAE1D2E3A43002D8F04 /* ViewController.swift */; };
		272F9BB21D2E3A43002D8F04 /* Main.storyboard in Resources */ = {isa = PBXBuildFile; fileRef = 272F9BB01D2E3A43002D8F04 /* Main.storyboard */; };
		272F9BB41D2E3A43002D8F04 /* Assets.xcassets in Resources */ = {isa = PBXBuildFile; fileRef = 272F9BB31D2E3A43002D8F04 /* Assets.xcassets */; };
		272F9BB71D2E3A43002D8F04 /* LaunchScreen.storyboard in Resources */ = {isa = PBXBuildFile; fileRef = 272F9BB51D2E3A43002D8F04 /* LaunchScreen.storyboard */; };
		273A95801D3761840059851D /* ImageUpload.swift in Sources */ = {isa = PBXBuildFile; fileRef = 273A957F1D3761840059851D /* ImageUpload.swift */; };
/* End PBXBuildFile section */

/* Begin PBXFileReference section */
		272F9BA91D2E3A43002D8F04 /* ImageExtensionTest.app */ = {isa = PBXFileReference; explicitFileType = wrapper.application; includeInIndex = 0; path = ImageExtensionTest.app; sourceTree = BUILT_PRODUCTS_DIR; };
		272F9BAC1D2E3A43002D8F04 /* AppDelegate.swift */ = {isa = PBXFileReference; lastKnownFileType = sourcecode.swift; path = AppDelegate.swift; sourceTree = "<group>"; };
		272F9BAE1D2E3A43002D8F04 /* ViewController.swift */ = {isa = PBXFileReference; lastKnownFileType = sourcecode.swift; path = ViewController.swift; sourceTree = "<group>"; };
		272F9BB11D2E3A43002D8F04 /* Base */ = {isa = PBXFileReference; lastKnownFileType = file.storyboard; name = Base; path = Base.lproj/Main.storyboard; sourceTree = "<group>"; };
		272F9BB31D2E3A43002D8F04 /* Assets.xcassets */ = {isa = PBXFileReference; lastKnownFileType = folder.assetcatalog; path = Assets.xcassets; sourceTree = "<group>"; };
		272F9BB61D2E3A43002D8F04 /* Base */ = {isa = PBXFileReference; lastKnownFileType = file.storyboard; name = Base; path = Base.lproj/LaunchScreen.storyboard; sourceTree = "<group>"; };
		272F9BB81D2E3A43002D8F04 /* Info.plist */ = {isa = PBXFileReference; lastKnownFileType = text.plist.xml; path = Info.plist; sourceTree = "<group>"; };
		273A957F1D3761840059851D /* ImageUpload.swift */ = {isa = PBXFileReference; fileEncoding = 4; lastKnownFileType = sourcecode.swift; path = ImageUpload.swift; sourceTree = "<group>"; };
/* End PBXFileReference section */

/* Begin PBXFrameworksBuildPhase section */
		272F9BA61D2E3A43002D8F04 /* Frameworks */ = {
			isa = PBXFrameworksBuildPhase;
			buildActionMask = 2147483647;
			files = (
			);
			runOnlyForDeploymentPostprocessing = 0;
		};
/* End PBXFrameworksBuildPhase section */

/* Begin PBXGroup section */
		272F9BA01D2E3A43002D8F04 = {
			isa = PBXGroup;
			children = (
				272F9BAB1D2E3A43002D8F04 /* ImageExtensionTest */,
				272F9BAA1D2E3A43002D8F04 /* Products */,
			);
			sourceTree = "<group>";
		};
		272F9BAA1D2E3A43002D8F04 /* Products */ = {
			isa = PBXGroup;
			children = (
				272F9BA91D2E3A43002D8F04 /* ImageExtensionTest.app */,
			);
			name = Products;
			sourceTree = "<group>";
		};
		272F9BAB1D2E3A43002D8F04 /* ImageExtensionTest */ = {
			isa = PBXGroup;
			children = (
				273A957F1D3761840059851D /* ImageUpload.swift */,
				272F9BAC1D2E3A43002D8F04 /* AppDelegate.swift */,
				272F9BAE1D2E3A43002D8F04 /* ViewController.swift */,
				272F9BB01D2E3A43002D8F04 /* Main.storyboard */,
				272F9BB31D2E3A43002D8F04 /* Assets.xcassets */,
				272F9BB51D2E3A43002D8F04 /* LaunchScreen.storyboard */,
				272F9BB81D2E3A43002D8F04 /* Info.plist */,
			);
			path = ImageExtensionTest;
			sourceTree = "<group>";
		};
/* End PBXGroup section */

/* Begin PBXNativeTarget section */
		272F9BA81D2E3A43002D8F04 /* ImageExtensionTest */ = {
			isa = PBXNativeTarget;
			buildConfigurationList = 272F9BBB1D2E3A43002D8F04 /* Build configuration list for PBXNativeTarget "ImageExtensionTest" */;
			buildPhases = (
				272F9BA51D2E3A43002D8F04 /* Sources */,
				272F9BA61D2E3A43002D8F04 /* Frameworks */,
				272F9BA71D2E3A43002D8F04 /* Resources */,
			);
			buildRules = (
			);
			dependencies = (
			);
			name = ImageExtensionTest;
			productName = ImageExtensionTest;
			productReference = 272F9BA91D2E3A43002D8F04 /* ImageExtensionTest.app */;
			productType = "com.apple.product-type.application";
		};
/* End PBXNativeTarget section */

/* Begin PBXProject section */
		272F9BA11D2E3A43002D8F04 /* Project object */ = {
			isa = PBXProject;
			attributes = {
				LastSwiftUpdateCheck = 0730;
				LastUpgradeCheck = 0730;
				ORGANIZATIONNAME = MILLMAN;
				TargetAttributes = {
					272F9BA81D2E3A43002D8F04 = {
						CreatedOnToolsVersion = 7.3;
					};
				};
			};
			buildConfigurationList = 272F9BA41D2E3A43002D8F04 /* Build configuration list for PBXProject "ImageExtensionTest" */;
			compatibilityVersion = "Xcode 3.2";
			developmentRegion = English;
			hasScannedForEncodings = 0;
			knownRegions = (
				en,
				Base,
			);
			mainGroup = 272F9BA01D2E3A43002D8F04;
			productRefGroup = 272F9BAA1D2E3A43002D8F04 /* Products */;
			projectDirPath = "";
			projectRoot = "";
			targets = (
				272F9BA81D2E3A43002D8F04 /* ImageExtensionTest */,
			);
		};
/* End PBXProject section */

/* Begin PBXResourcesBuildPhase section */
		272F9BA71D2E3A43002D8F04 /* Resources */ = {
			isa = PBXResourcesBuildPhase;
			buildActionMask = 2147483647;
			files = (
				272F9BB71D2E3A43002D8F04 /* LaunchScreen.storyboard in Resources */,
				272F9BB41D2E3A43002D8F04 /* Assets.xcassets in Resources */,
				272F9BB21D2E3A43002D8F04 /* Main.storyboard in Resources */,
			);
			runOnlyForDeploymentPostprocessing = 0;
		};
/* End PBXResourcesBuildPhase section */

/* Begin PBXSourcesBuildPhase section */
		272F9BA51D2E3A43002D8F04 /* Sources */ = {
			isa = PBXSourcesBuildPhase;
			buildActionMask = 2147483647;
			files = (
				272F9BAF1D2E3A43002D8F04 /* ViewController.swift in Sources */,
				273A95801D3761840059851D /* ImageUpload.swift in Sources */,
				272F9BAD1D2E3A43002D8F04 /* AppDelegate.swift in Sources */,
			);
			runOnlyForDeploymentPostprocessing = 0;
		};
/* End PBXSourcesBuildPhase section */

/* Begin PBXVariantGroup section */
		272F9BB01D2E3A43002D8F04 /* Main.storyboard */ = {
			isa = PBXVariantGroup;
			children = (
				272F9BB11D2E3A43002D8F04 /* Base */,
			);
			name = Main.storyboard;
			sourceTree = "<group>";
		};
		272F9BB51D2E3A43002D8F04 /* LaunchScreen.storyboard */ = {
			isa = PBXVariantGroup;
			children = (
				272F9BB61D2E3A43002D8F04 /* Base */,
			);
			name = LaunchScreen.storyboard;
			sourceTree = "<group>";
		};
/* End PBXVariantGroup section */

/* Begin XCBuildConfiguration section */
		272F9BB91D2E3A43002D8F04 /* Debug */ = {
			isa = XCBuildConfiguration;
			buildSettings = {
				ALWAYS_SEARCH_USER_PATHS = NO;
				CLANG_ANALYZER_NONNULL = YES;
				CLANG_CXX_LANGUAGE_STANDARD = "gnu++0x";
				CLANG_CXX_LIBRARY = "libc++";
				CLANG_ENABLE_MODULES = YES;
				CLANG_ENABLE_OBJC_ARC = YES;
				CLANG_WARN_BOOL_CONVERSION = YES;
				CLANG_WARN_CONSTANT_CONVERSION = YES;
				CLANG_WARN_DIRECT_OBJC_ISA_USAGE = YES_ERROR;
				CLANG_WARN_EMPTY_BODY = YES;
				CLANG_WARN_ENUM_CONVERSION = YES;
				CLANG_WARN_INT_CONVERSION = YES;
				CLANG_WARN_OBJC_ROOT_CLASS = YES_ERROR;
				CLANG_WARN_UNREACHABLE_CODE = YES;
				CLANG_WARN__DUPLICATE_METHOD_MATCH = YES;
				"CODE_SIGN_IDENTITY[sdk=iphoneos*]" = "iPhone Developer";
				COPY_PHASE_STRIP = NO;
				DEBUG_INFORMATION_FORMAT = dwarf;
				ENABLE_STRICT_OBJC_MSGSEND = YES;
				ENABLE_TESTABILITY = YES;
				GCC_C_LANGUAGE_STANDARD = gnu99;
				GCC_DYNAMIC_NO_PIC = NO;
				GCC_NO_COMMON_BLOCKS = YES;
				GCC_OPTIMIZATION_LEVEL = 0;
				GCC_PREPROCESSOR_DEFINITIONS = (
					"DEBUG=1",
					"$(inherited)",
				);
				GCC_WARN_64_TO_32_BIT_CONVERSION = YES;
				GCC_WARN_ABOUT_RETURN_TYPE = YES_ERROR;
				GCC_WARN_UNDECLARED_SELECTOR = YES;
				GCC_WARN_UNINITIALIZED_AUTOS = YES_AGGRESSIVE;
				GCC_WARN_UNUSED_FUNCTION = YES;
				GCC_WARN_UNUSED_VARIABLE = YES;
				IPHONEOS_DEPLOYMENT_TARGET = 9.3;
				MTL_ENABLE_DEBUG_INFO = YES;
				ONLY_ACTIVE_ARCH = YES;
				SDKROOT = iphoneos;
				SWIFT_OPTIMIZATION_LEVEL = "-Onone";
			};
			name = Debug;
		};
		272F9BBA1D2E3A43002D8F04 /* Release */ = {
			isa = XCBuildConfiguration;
			buildSettings = {
				ALWAYS_SEARCH_USER_PATHS = NO;
				CLANG_ANALYZER_NONNULL = YES;
				CLANG_CXX_LANGUAGE_STANDARD = "gnu++0x";
				CLANG_CXX_LIBRARY = "libc++";
				CLANG_ENABLE_MODULES = YES;
				CLANG_ENABLE_OBJC_ARC = YES;
				CLANG_WARN_BOOL_CONVERSION = YES;
				CLANG_WARN_CONSTANT_CONVERSION = YES;
				CLANG_WARN_DIRECT_OBJC_ISA_USAGE = YES_ERROR;
				CLANG_WARN_EMPTY_BODY = YES;
				CLANG_WARN_ENUM_CONVERSION = YES;
				CLANG_WARN_INT_CONVERSION = YES;
				CLANG_WARN_OBJC_ROOT_CLASS = YES_ERROR;
				CLANG_WARN_UNREACHABLE_CODE = YES;
				CLANG_WARN__DUPLICATE_METHOD_MATCH = YES;
				"CODE_SIGN_IDENTITY[sdk=iphoneos*]" = "iPhone Developer";
				COPY_PHASE_STRIP = NO;
				DEBUG_INFORMATION_FORMAT = "dwarf-with-dsym";
				ENABLE_NS_ASSERTIONS = NO;
				ENABLE_STRICT_OBJC_MSGSEND = YES;
				GCC_C_LANGUAGE_STANDARD = gnu99;
				GCC_NO_COMMON_BLOCKS = YES;
				GCC_WARN_64_TO_32_BIT_CONVERSION = YES;
				GCC_WARN_ABOUT_RETURN_TYPE = YES_ERROR;
				GCC_WARN_UNDECLARED_SELECTOR = YES;
				GCC_WARN_UNINITIALIZED_AUTOS = YES_AGGRESSIVE;
				GCC_WARN_UNUSED_FUNCTION = YES;
				GCC_WARN_UNUSED_VARIABLE = YES;
				IPHONEOS_DEPLOYMENT_TARGET = 9.3;
				MTL_ENABLE_DEBUG_INFO = NO;
				SDKROOT = iphoneos;
				VALIDATE_PRODUCT = YES;
			};
			name = Release;
		};
		272F9BBC1D2E3A43002D8F04 /* Debug */ = {
			isa = XCBuildConfiguration;
			buildSettings = {
				ASSETCATALOG_COMPILER_APPICON_NAME = AppIcon;
				INFOPLIST_FILE = ImageExtensionTest/Info.plist;
				LD_RUNPATH_SEARCH_PATHS = "$(inherited) @executable_path/Frameworks";
				PRODUCT_BUNDLE_IDENTIFIER = com.neweb.vpos.ImageExtensionTest;
				PRODUCT_NAME = "$(TARGET_NAME)";
			};
			name = Debug;
		};
		272F9BBD1D2E3A43002D8F04 /* Release */ = {
			isa = XCBuildConfiguration;
			buildSettings = {
				ASSETCATALOG_COMPILER_APPICON_NAME = AppIcon;
				INFOPLIST_FILE = ImageExtensionTest/Info.plist;
				LD_RUNPATH_SEARCH_PATHS = "$(inherited) @executable_path/Frameworks";
				PRODUCT_BUNDLE_IDENTIFIER = com.neweb.vpos.ImageExtensionTest;
				PRODUCT_NAME = "$(TARGET_NAME)";
			};
			name = Release;
		};
/* End XCBuildConfiguration section */

/* Begin XCConfigurationList section */
		272F9BA41D2E3A43002D8F04 /* Build configuration list for PBXProject "ImageExtensionTest" */ = {
			isa = XCConfigurationList;
			buildConfigurations = (
				272F9BB91D2E3A43002D8F04 /* Debug */,
				272F9BBA1D2E3A43002D8F04 /* Release */,
			);
			defaultConfigurationIsVisible = 0;
			defaultConfigurationName = Release;
		};
		272F9BBB1D2E3A43002D8F04 /* Build configuration list for PBXNativeTarget "ImageExtensionTest" */ = {
			isa = XCConfigurationList;
			buildConfigurations = (
				272F9BBC1D2E3A43002D8F04 /* Debug */,
				272F9BBD1D2E3A43002D8F04 /* Release */,
			);
			defaultConfigurationIsVisible = 0;
			defaultConfigurationName = Release;
		};
/* End XCConfigurationList section */
	};
	rootObject = 272F9BA11D2E3A43002D8F04 /* Project object */;
}
